{
  "requires": true,
  "lockfileVersion": 1,
  "dependencies": {
    "ansi-red": {
      "version": "0.1.1",
      "resolved": "https://registry.npmjs.org/ansi-red/-/ansi-red-0.1.1.tgz",
      "integrity": "sha1-jGOPnRCAgAo1PJwoyKgcpHBdlGw=",
      "requires": {
        "ansi-wrap": "0.1.0"
      }
    },
    "ansi-wrap": {
      "version": "0.1.0",
      "resolved": "https://registry.npmjs.org/ansi-wrap/-/ansi-wrap-0.1.0.tgz",
      "integrity": "sha1-qCJQ3bABXponyoLoLqYDu/pF768="
    },
    "argparse": {
      "version": "1.0.10",
      "resolved": "https://registry.npmjs.org/argparse/-/argparse-1.0.10.tgz",
      "integrity": "sha1-vNZ5HqWuCXJeF+WtmIE0zUCz2RE=",
      "requires": {
        "sprintf-js": "~1.0.2"
      }
    },
    "autolinker": {
      "version": "0.15.3",
      "resolved": "https://registry.npmjs.org/autolinker/-/autolinker-0.15.3.tgz",
      "integrity": "sha1-NCQX2PLzRhsUzwkIjV7fh5HcmDI="
    },
    "boolbase": {
      "version": "1.0.0",
      "resolved": "https://registry.npmjs.org/boolbase/-/boolbase-1.0.0.tgz",
      "integrity": "sha1-aN/1++YMUes3cl6p4+0xDcwed24="
    },
    "buffer-from": {
      "version": "1.1.1",
      "resolved": "https://registry.npmjs.org/buffer-from/-/buffer-from-1.1.1.tgz",
      "integrity": "sha1-MnE7wCj3XAL9txDXx7zsHyxgcO8="
    },
    "cheerio": {
      "version": "0.22.0",
      "resolved": "https://registry.npmjs.org/cheerio/-/cheerio-0.22.0.tgz",
      "integrity": "sha1-qbqoYKP5tZWmuBsahocxIe06Jp4=",
      "requires": {
        "css-select": "~1.2.0",
        "dom-serializer": "~0.1.0",
        "entities": "~1.1.1",
        "htmlparser2": "^3.9.1",
        "lodash.assignin": "^4.0.9",
        "lodash.bind": "^4.1.4",
        "lodash.defaults": "^4.0.1",
        "lodash.filter": "^4.4.0",
        "lodash.flatten": "^4.2.0",
        "lodash.foreach": "^4.3.0",
        "lodash.map": "^4.4.0",
        "lodash.merge": "^4.4.0",
        "lodash.pick": "^4.2.1",
        "lodash.reduce": "^4.4.0",
        "lodash.reject": "^4.4.0",
        "lodash.some": "^4.4.0"
      }
    },
    "clipboard": {
      "version": "2.0.4",
      "resolved": "https://registry.npmjs.org/clipboard/-/clipboard-2.0.4.tgz",
      "integrity": "sha1-g22v1mzw/qXXHOXVsL9ulYAJES0=",
      "requires": {
        "good-listener": "^1.2.2",
        "select": "^1.1.2",
        "tiny-emitter": "^2.0.0"
      }
    },
    "coffee-script": {
      "version": "1.12.7",
      "resolved": "https://registry.npmjs.org/coffee-script/-/coffee-script-1.12.7.tgz",
      "integrity": "sha1-wF2uDLeVkdBbMHCoQzqYyaiczFM="
    },
    "concat-stream": {
      "version": "1.6.2",
      "resolved": "https://registry.npmjs.org/concat-stream/-/concat-stream-1.6.2.tgz",
      "integrity": "sha1-kEvfGUzTEi/Gdcd/xKw9T/D9GjQ=",
      "requires": {
        "buffer-from": "^1.0.0",
        "inherits": "^2.0.3",
        "readable-stream": "^2.2.2",
        "typedarray": "^0.0.6"
      },
      "dependencies": {
        "readable-stream": {
          "version": "2.3.6",
          "resolved": "https://registry.npmjs.org/readable-stream/-/readable-stream-2.3.6.tgz",
          "integrity": "sha1-sRwn2IuP8fvgcGQ8+UsMea4bCq8=",
          "requires": {
            "core-util-is": "~1.0.0",
            "inherits": "~2.0.3",
            "isarray": "~1.0.0",
            "process-nextick-args": "~2.0.0",
            "safe-buffer": "~5.1.1",
            "string_decoder": "~1.1.1",
            "util-deprecate": "~1.0.1"
          }
        },
        "string_decoder": {
          "version": "1.1.1",
          "resolved": "https://registry.npmjs.org/string_decoder/-/string_decoder-1.1.1.tgz",
          "integrity": "sha1-nPFhG6YmhdcDCunkujQUnDrwP8g=",
          "requires": {
            "safe-buffer": "~5.1.0"
          }
        }
      }
    },
    "core-util-is": {
      "version": "1.0.2",
      "resolved": "https://registry.npmjs.org/core-util-is/-/core-util-is-1.0.2.tgz",
      "integrity": "sha1-tf1UIgqivFq1eqtxQMlAdUUDwac="
    },
    "css-select": {
      "version": "1.2.0",
      "resolved": "https://registry.npmjs.org/css-select/-/css-select-1.2.0.tgz",
      "integrity": "sha1-KzoRBTnFNV8c2NMUYj6HCxIeyFg=",
      "requires": {
        "boolbase": "~1.0.0",
        "css-what": "2.1",
        "domutils": "1.5.1",
        "nth-check": "~1.0.1"
      }
    },
    "css-what": {
      "version": "2.1.3",
      "resolved": "https://registry.npmjs.org/css-what/-/css-what-2.1.3.tgz",
      "integrity": "sha1-ptdgRXM2X+dGhsPzEcVlE9iChfI="
    },
    "delegate": {
      "version": "3.2.0",
      "resolved": "https://registry.npmjs.org/delegate/-/delegate-3.2.0.tgz",
      "integrity": "sha1-tmtxwxWFIuirV0T3INjKDCr1kWY="
    },
    "diacritics-map": {
      "version": "0.1.0",
      "resolved": "https://registry.npmjs.org/diacritics-map/-/diacritics-map-0.1.0.tgz",
      "integrity": "sha1-bfwP+dAQAKLt8oZTccrDFulJd68="
    },
    "dom-serializer": {
      "version": "0.1.1",
      "resolved": "https://registry.npmjs.org/dom-serializer/-/dom-serializer-0.1.1.tgz",
      "integrity": "sha1-HsQFnihLq+027sKUHUqXChic58A=",
      "requires": {
        "domelementtype": "^1.3.0",
        "entities": "^1.1.1"
      }
    },
    "domelementtype": {
      "version": "1.3.1",
      "resolved": "https://registry.npmjs.org/domelementtype/-/domelementtype-1.3.1.tgz",
      "integrity": "sha1-0EjESzew0Qp/Kj1f7j9DM9eQSB8="
    },
    "domhandler": {
      "version": "2.4.2",
      "resolved": "https://registry.npmjs.org/domhandler/-/domhandler-2.4.2.tgz",
      "integrity": "sha1-iAUJfpM9ZehVRvcm1g9euItE+AM=",
      "requires": {
        "domelementtype": "1"
      }
    },
    "domutils": {
      "version": "1.5.1",
      "resolved": "https://registry.npmjs.org/domutils/-/domutils-1.5.1.tgz",
      "integrity": "sha1-3NhIiib1Y9YQeeSMn3t+Mjc2gs8=",
      "requires": {
        "dom-serializer": "0",
        "domelementtype": "1"
      }
    },
    "entities": {
      "version": "1.1.2",
      "resolved": "https://registry.npmjs.org/entities/-/entities-1.1.2.tgz",
      "integrity": "sha1-vfpzUplmTfr9NFKe1PhSKidf6lY="
    },
    "esprima": {
      "version": "4.0.1",
      "resolved": "https://registry.npmjs.org/esprima/-/esprima-4.0.1.tgz",
      "integrity": "sha1-E7BM2z5sXRnfkatph6hpVhmwqnE="
    },
    "expand-range": {
      "version": "1.8.2",
      "resolved": "https://registry.npmjs.org/expand-range/-/expand-range-1.8.2.tgz",
      "integrity": "sha1-opnv/TNf4nIeuujiV+x5ZE/IUzc=",
      "requires": {
        "fill-range": "^2.1.0"
      }
    },
    "extend-shallow": {
      "version": "2.0.1",
      "resolved": "https://registry.npmjs.org/extend-shallow/-/extend-shallow-2.0.1.tgz",
      "integrity": "sha1-Ua99YUrZqfYQ6huvu5idaxxWiQ8=",
      "requires": {
        "is-extendable": "^0.1.0"
      }
    },
    "fill-range": {
      "version": "2.2.4",
      "resolved": "https://registry.npmjs.org/fill-range/-/fill-range-2.2.4.tgz",
      "integrity": "sha1-6x53OrsFbc2N8r/favWbizqTZWU=",
      "requires": {
        "is-number": "^2.1.0",
        "isobject": "^2.0.0",
        "randomatic": "^3.0.0",
        "repeat-element": "^1.1.2",
        "repeat-string": "^1.5.2"
      }
    },
    "for-in": {
      "version": "1.0.2",
      "resolved": "https://registry.npmjs.org/for-in/-/for-in-1.0.2.tgz",
      "integrity": "sha1-gQaNKVqBQuwKxybG4iAMMPttXoA="
    },
    "gitbook-plugin-donate": {
      "version": "1.0.2",
      "resolved": "https://registry.npmjs.org/gitbook-plugin-donate/-/gitbook-plugin-donate-1.0.2.tgz",
      "integrity": "sha1-telSLNaTFY4a/ueAtfATk/0yP2Q="
    },
    "gitbook-plugin-ga": {
      "version": "1.0.1",
      "resolved": "https://registry.npmjs.org/gitbook-plugin-ga/-/gitbook-plugin-ga-1.0.1.tgz",
      "integrity": "sha1-yF17jAFkDEuz3DsjGrn+dKpuUhs="
    },
    "gitbook-plugin-github": {
      "version": "2.0.0",
      "resolved": "https://registry.npmjs.org/gitbook-plugin-github/-/gitbook-plugin-github-2.0.0.tgz",
      "integrity": "sha1-UWbnY8/MQC1DKIC3pshcHFS1ao0="
    },
    "gitbook-plugin-github-buttons": {
      "version": "3.0.0",
      "resolved": "https://registry.npmjs.org/gitbook-plugin-github-buttons/-/gitbook-plugin-github-buttons-3.0.0.tgz",
      "integrity": "sha1-ClfJJmUU/gWbgIRSDTuYRCTba+E="
    },
    "gitbook-plugin-prism": {
      "version": "2.4.0",
      "resolved": "https://registry.npmjs.org/gitbook-plugin-prism/-/gitbook-plugin-prism-2.4.0.tgz",
      "integrity": "sha1-QSjiy/pMjEYQ6O0zAFbCScXOsuk=",
      "requires": {
        "cheerio": "0.22.0",
        "mkdirp": "0.5.1",
        "prismjs": "^1.15.0"
      }
    },
    "gitbook-plugin-search-plus": {
      "version": "1.0.3",
      "resolved": "https://registry.npmjs.org/gitbook-plugin-search-plus/-/gitbook-plugin-search-plus-1.0.3.tgz",
      "integrity": "sha1-oy7GCZ5WQTkCJMv3XIx34PiuMVw=",
      "requires": {
        "html-entities": "1.2.0"
      }
    },
    "gitbook-plugin-sharing-plus": {
      "version": "0.0.2",
      "resolved": "https://registry.npmjs.org/gitbook-plugin-sharing-plus/-/gitbook-plugin-sharing-plus-0.0.2.tgz",
      "integrity": "sha1-FstYGACikvAbvY19Ic6jID0Jcz8=",
      "requires": {
        "lodash": "^3.10.1"
      }
    },
    "gitbook-plugin-simple-page-toc": {
      "version": "0.1.2",
      "resolved": "https://registry.npmjs.org/gitbook-plugin-simple-page-toc/-/gitbook-plugin-simple-page-toc-0.1.2.tgz",
      "integrity": "sha1-jpBMYlbPKuXlDAyl/JtEdZCZKL0=",
      "requires": {
        "markdown-toc": "^1.1.0"
      }
    },
    "gitbook-plugin-splitter": {
      "version": "0.0.8",
      "resolved": "https://registry.npmjs.org/gitbook-plugin-splitter/-/gitbook-plugin-splitter-0.0.8.tgz",
      "integrity": "sha1-8rBRMGD8kma0awQYLk7KHUtx+vw="
    },
    "gitbook-plugin-tbfed-pagefooter": {
      "version": "0.0.1",
      "resolved": "https://registry.npmjs.org/gitbook-plugin-tbfed-pagefooter/-/gitbook-plugin-tbfed-pagefooter-0.0.1.tgz",
      "integrity": "sha1-Fu54QGLdhQQmTEd+h2X8ScQb7T0=",
      "requires": {
        "moment": "^2.10.6"
      }
    },
    "gitbook-plugin-theme-comscore": {
      "version": "0.0.3",
      "resolved": "https://registry.npmjs.org/gitbook-plugin-theme-comscore/-/gitbook-plugin-theme-comscore-0.0.3.tgz",
      "integrity": "sha1-miVPpKNxNSkgleQ0TyWSErV4H+0="
    },
    "good-listener": {
      "version": "1.2.2",
      "resolved": "https://registry.npmjs.org/good-listener/-/good-listener-1.2.2.tgz",
      "integrity": "sha1-1TswzfkxPf+33JoNR3CWqm0UXFA=",
      "requires": {
        "delegate": "^3.1.2"
      }
    },
    "gray-matter": {
      "version": "2.1.1",
      "resolved": "https://registry.npmjs.org/gray-matter/-/gray-matter-2.1.1.tgz",
      "integrity": "sha1-MELZrewqHe1qdwep7SOA+KF6Qw4=",
      "requires": {
        "ansi-red": "^0.1.1",
        "coffee-script": "^1.12.4",
        "extend-shallow": "^2.0.1",
        "js-yaml": "^3.8.1",
        "toml": "^2.3.2"
      }
    },
    "html-entities": {
      "version": "1.2.0",
      "resolved": "https://registry.npmjs.org/html-entities/-/html-entities-1.2.0.tgz",
      "integrity": "sha1-QZSMr4XOgv7Tbk5qDtNxpmZDeeI="
    },
    "htmlparser2": {
      "version": "3.10.1",
      "resolved": "https://registry.npmjs.org/htmlparser2/-/htmlparser2-3.10.1.tgz",
      "integrity": "sha1-vWedw/WYl7ajS7EHSchVu1OpOS8=",
      "requires": {
        "domelementtype": "^1.3.1",
        "domhandler": "^2.3.0",
        "domutils": "^1.5.1",
        "entities": "^1.1.1",
        "inherits": "^2.0.1",
        "readable-stream": "^3.1.1"
      }
    },
    "inherits": {
      "version": "2.0.3",
      "resolved": "https://registry.npmjs.org/inherits/-/inherits-2.0.3.tgz",
      "integrity": "sha1-Yzwsg+PaQqUC9SRmAiSA9CCCYd4="
    },
    "is-buffer": {
      "version": "1.1.6",
      "resolved": "https://registry.npmjs.org/is-buffer/-/is-buffer-1.1.6.tgz",
      "integrity": "sha1-76ouqdqg16suoTqXsritUf776L4="
    },
    "is-extendable": {
      "version": "0.1.1",
      "resolved": "https://registry.npmjs.org/is-extendable/-/is-extendable-0.1.1.tgz",
      "integrity": "sha1-YrEQ4omkcUGOPsNqYX1HLjAd/Ik="
    },
    "is-number": {
      "version": "2.1.0",
      "resolved": "https://registry.npmjs.org/is-number/-/is-number-2.1.0.tgz",
      "integrity": "sha1-Afy7s5NGOlSPL0ZszhbezknbkI8=",
      "requires": {
        "kind-of": "^3.0.2"
      }
    },
    "is-plain-object": {
      "version": "2.0.4",
      "resolved": "https://registry.npmjs.org/is-plain-object/-/is-plain-object-2.0.4.tgz",
      "integrity": "sha1-LBY7P6+xtgbZ0Xko8FwqHDjgdnc=",
      "requires": {
        "isobject": "^3.0.1"
      },
      "dependencies": {
        "isobject": {
          "version": "3.0.1",
          "resolved": "https://registry.npmjs.org/isobject/-/isobject-3.0.1.tgz",
          "integrity": "sha1-TkMekrEalzFjaqH5yNHMvP2reN8="
        }
      }
    },
    "isarray": {
      "version": "1.0.0",
      "resolved": "https://registry.npmjs.org/isarray/-/isarray-1.0.0.tgz",
      "integrity": "sha1-u5NdSFgsuhaMBoNJV6VKPgcSTxE="
    },
    "isobject": {
      "version": "2.1.0",
      "resolved": "https://registry.npmjs.org/isobject/-/isobject-2.1.0.tgz",
      "integrity": "sha1-8GVWEJaj8dou9GJy+BXIQNh+DIk=",
      "requires": {
        "isarray": "1.0.0"
      }
    },
    "js-yaml": {
      "version": "3.12.1",
      "resolved": "https://registry.npmjs.org/js-yaml/-/js-yaml-3.12.1.tgz",
      "integrity": "sha1-KVyGMqGKI+BUz1ydPOyv5ngWdgA=",
      "requires": {
        "argparse": "^1.0.7",
        "esprima": "^4.0.0"
      }
    },
    "kind-of": {
      "version": "3.2.2",
      "resolved": "https://registry.npmjs.org/kind-of/-/kind-of-3.2.2.tgz",
      "integrity": "sha1-MeohpzS6ubuw8yRm2JOupR5KPGQ=",
      "requires": {
        "is-buffer": "^1.1.5"
      }
    },
    "lazy-cache": {
      "version": "2.0.2",
      "resolved": "https://registry.npmjs.org/lazy-cache/-/lazy-cache-2.0.2.tgz",
      "integrity": "sha1-uRkKT5EzVGlIQIWfio9whNiCImQ=",
      "requires": {
        "set-getter": "^0.1.0"
      }
    },
    "list-item": {
      "version": "1.1.1",
      "resolved": "https://registry.npmjs.org/list-item/-/list-item-1.1.1.tgz",
      "integrity": "sha1-DGXQDih8tmPMs8s4Sad+iewmilY=",
      "requires": {
        "expand-range": "^1.8.1",
        "extend-shallow": "^2.0.1",
        "is-number": "^2.1.0",
        "repeat-string": "^1.5.2"
      }
    },
    "lodash": {
      "version": "3.10.1",
      "resolved": "https://registry.npmjs.org/lodash/-/lodash-3.10.1.tgz",
      "integrity": "sha1-W/Rejkm6QYnhfUgnid/RW9FAt7Y="
    },
    "lodash.assignin": {
      "version": "4.2.0",
      "resolved": "https://registry.npmjs.org/lodash.assignin/-/lodash.assignin-4.2.0.tgz",
      "integrity": "sha1-uo31+4QesKPoBEIysOJjqNxqKKI="
    },
    "lodash.bind": {
      "version": "4.2.1",
      "resolved": "https://registry.npmjs.org/lodash.bind/-/lodash.bind-4.2.1.tgz",
      "integrity": "sha1-euMBfpOWIqwxt9fX3LGzTbFpDTU="
    },
    "lodash.defaults": {
      "version": "4.2.0",
      "resolved": "https://registry.npmjs.org/lodash.defaults/-/lodash.defaults-4.2.0.tgz",
      "integrity": "sha1-0JF4cW/+pN3p5ft7N/bwgCJ0WAw="
    },
    "lodash.filter": {
      "version": "4.6.0",
      "resolved": "https://registry.npmjs.org/lodash.filter/-/lodash.filter-4.6.0.tgz",
      "integrity": "sha1-ZosdSYFgOuHMWm+nYBQ+SAtMSs4="
    },
    "lodash.flatten": {
      "version": "4.4.0",
      "resolved": "https://registry.npmjs.org/lodash.flatten/-/lodash.flatten-4.4.0.tgz",
      "integrity": "sha1-8xwiIlqWMtK7+OSt2+8kCqdlph8="
    },
    "lodash.foreach": {
      "version": "4.5.0",
      "resolved": "https://registry.npmjs.org/lodash.foreach/-/lodash.foreach-4.5.0.tgz",
      "integrity": "sha1-Gmo16s5AEoDH8G3d7DUWWrJ+PlM="
    },
    "lodash.map": {
      "version": "4.6.0",
      "resolved": "https://registry.npmjs.org/lodash.map/-/lodash.map-4.6.0.tgz",
      "integrity": "sha1-dx7Hg540c9nEzeKLGTlMNWL09tM="
    },
    "lodash.merge": {
      "version": "4.6.1",
      "resolved": "https://registry.npmjs.org/lodash.merge/-/lodash.merge-4.6.1.tgz",
      "integrity": "sha1-rcJdnLmbk5HFliTzefu6YNcRHVQ="
    },
    "lodash.pick": {
      "version": "4.4.0",
      "resolved": "https://registry.npmjs.org/lodash.pick/-/lodash.pick-4.4.0.tgz",
      "integrity": "sha1-UvBWEP/53tQiYRRB7R/BI6AwAbM="
    },
    "lodash.reduce": {
      "version": "4.6.0",
      "resolved": "https://registry.npmjs.org/lodash.reduce/-/lodash.reduce-4.6.0.tgz",
      "integrity": "sha1-8atrg5KZrUj3hKu/R2WW8DuRTTs="
    },
    "lodash.reject": {
      "version": "4.6.0",
      "resolved": "https://registry.npmjs.org/lodash.reject/-/lodash.reject-4.6.0.tgz",
      "integrity": "sha1-gNZJLcFHCGS79YNTO2UfQqn1JBU="
    },
    "lodash.some": {
      "version": "4.6.0",
      "resolved": "https://registry.npmjs.org/lodash.some/-/lodash.some-4.6.0.tgz",
      "integrity": "sha1-G7nzFO9ri63tE7VJFpsqlF62jk0="
    },
    "markdown-link": {
      "version": "0.1.1",
      "resolved": "https://registry.npmjs.org/markdown-link/-/markdown-link-0.1.1.tgz",
      "integrity": "sha1-MsXGUZmmRXMWMi0eQinRNAfIx88="
    },
    "markdown-toc": {
      "version": "1.2.0",
      "resolved": "https://registry.npmjs.org/markdown-toc/-/markdown-toc-1.2.0.tgz",
      "integrity": "sha1-RKFWBoREkDFK/ARESD+eexEiwzk=",
      "requires": {
        "concat-stream": "^1.5.2",
        "diacritics-map": "^0.1.0",
        "gray-matter": "^2.1.0",
        "lazy-cache": "^2.0.2",
        "list-item": "^1.1.1",
        "markdown-link": "^0.1.1",
        "minimist": "^1.2.0",
        "mixin-deep": "^1.1.3",
        "object.pick": "^1.2.0",
        "remarkable": "^1.7.1",
        "repeat-string": "^1.6.1",
        "strip-color": "^0.1.0"
      },
      "dependencies": {
        "minimist": {
          "version": "1.2.0",
          "resolved": "https://registry.npmjs.org/minimist/-/minimist-1.2.0.tgz",
          "integrity": "sha1-o1AIsg9BOD7sH7kU9M1d95omQoQ="
        }
      }
    },
    "math-random": {
      "version": "1.0.4",
      "resolved": "https://registry.npmjs.org/math-random/-/math-random-1.0.4.tgz",
      "integrity": "sha1-XdaUPJOFSCZwFtTjTwV1gwgMUUw="
    },
    "minimist": {
      "version": "0.0.8",
      "resolved": "https://registry.npmjs.org/minimist/-/minimist-0.0.8.tgz",
      "integrity": "sha1-hX/Kv8M5fSYluCKCYuhqp6ARsF0="
    },
    "mixin-deep": {
      "version": "1.3.1",
      "resolved": "https://registry.npmjs.org/mixin-deep/-/mixin-deep-1.3.1.tgz",
      "integrity": "sha1-pJ5yaNzhoNlpjkUybFYm3zVD0P4=",
      "requires": {
        "for-in": "^1.0.2",
        "is-extendable": "^1.0.1"
      },
      "dependencies": {
        "is-extendable": {
          "version": "1.0.1",
          "resolved": "https://registry.npmjs.org/is-extendable/-/is-extendable-1.0.1.tgz",
          "integrity": "sha1-p0cPnkJnM9gb2B4RVSZOOjUHyrQ=",
          "requires": {
            "is-plain-object": "^2.0.4"
          }
        }
      }
    },
    "mkdirp": {
      "version": "0.5.1",
      "resolved": "https://registry.npmjs.org/mkdirp/-/mkdirp-0.5.1.tgz",
      "integrity": "sha1-MAV0OOrGz3+MR2fzhkjWaX11yQM=",
      "requires": {
        "minimist": "0.0.8"
      }
    },
    "moment": {
      "version": "2.24.0",
      "resolved": "https://registry.npmjs.org/moment/-/moment-2.24.0.tgz",
      "integrity": "sha1-DQVdU/UFKqZTyfbraLtdEr9cK1s="
    },
    "nth-check": {
      "version": "1.0.2",
      "resolved": "https://registry.npmjs.org/nth-check/-/nth-check-1.0.2.tgz",
      "integrity": "sha1-sr0pXDfj3VijvwcAN2Zjuk2c8Fw=",
      "requires": {
        "boolbase": "~1.0.0"
      }
    },
    "object.pick": {
      "version": "1.3.0",
      "resolved": "https://registry.npmjs.org/object.pick/-/object.pick-1.3.0.tgz",
      "integrity": "sha1-h6EKxMFpS9Lhy/U1kaZhQftd10c=",
      "requires": {
        "isobject": "^3.0.1"
      },
      "dependencies": {
        "isobject": {
          "version": "3.0.1",
          "resolved": "https://registry.npmjs.org/isobject/-/isobject-3.0.1.tgz",
          "integrity": "sha1-TkMekrEalzFjaqH5yNHMvP2reN8="
        }
      }
    },
    "prism-themes": {
      "version": "1.0.1",
      "resolved": "https://registry.npmjs.org/prism-themes/-/prism-themes-1.0.1.tgz",
      "integrity": "sha512-tRYOqg2tT5/eB++iX+rqRnqESkCKuoV+0PrUiGKdWMr5lApd/hwfu+72Hi0OS50wmcuIty3GB1HrRqoBD+Cpfg=="
    },
    "prismjs": {
      "version": "1.15.0",
      "resolved": "https://registry.npmjs.org/prismjs/-/prismjs-1.15.0.tgz",
      "integrity": "sha1-iAHTMuRyCRuo3vlJdsiHetYDmNk=",
      "requires": {
        "clipboard": "^2.0.0"
      }
    },
    "process-nextick-args": {
      "version": "2.0.0",
      "resolved": "https://registry.npmjs.org/process-nextick-args/-/process-nextick-args-2.0.0.tgz",
      "integrity": "sha1-o31zL0JxtKsa0HDTVQjoKQeI/6o="
    },
    "randomatic": {
      "version": "3.1.1",
      "resolved": "https://registry.npmjs.org/randomatic/-/randomatic-3.1.1.tgz",
      "integrity": "sha1-t3bvxZN1mE42xTey9RofCv8Noe0=",
      "requires": {
        "is-number": "^4.0.0",
        "kind-of": "^6.0.0",
        "math-random": "^1.0.1"
      },
      "dependencies": {
        "is-number": {
          "version": "4.0.0",
          "resolved": "https://registry.npmjs.org/is-number/-/is-number-4.0.0.tgz",
          "integrity": "sha1-ACbjf1RU1z41bf5lZGmYZ8an8P8="
        },
        "kind-of": {
          "version": "6.0.2",
          "resolved": "https://registry.npmjs.org/kind-of/-/kind-of-6.0.2.tgz",
          "integrity": "sha1-ARRrNqYhjmTljzqNZt5df8b20FE="
        }
      }
    },
    "readable-stream": {
      "version": "3.1.1",
      "resolved": "https://registry.npmjs.org/readable-stream/-/readable-stream-3.1.1.tgz",
      "integrity": "sha1-7Wu8bFuliwkAOf8YzmcFFXla6wY=",
      "requires": {
        "inherits": "^2.0.3",
        "string_decoder": "^1.1.1",
        "util-deprecate": "^1.0.1"
      }
    },
    "remarkable": {
      "version": "1.7.1",
      "resolved": "https://registry.npmjs.org/remarkable/-/remarkable-1.7.1.tgz",
      "integrity": "sha1-qspJchALZqZCpjoQIcpLrBvjv/Y=",
      "requires": {
        "argparse": "~0.1.15",
        "autolinker": "~0.15.0"
      },
      "dependencies": {
        "argparse": {
          "version": "0.1.16",
          "resolved": "https://registry.npmjs.org/argparse/-/argparse-0.1.16.tgz",
          "integrity": "sha1-z9AeD7uj1srtBJ+9dY1A9lGW9Xw=",
          "requires": {
            "underscore": "~1.7.0",
            "underscore.string": "~2.4.0"
          }
        }
      }
    },
    "repeat-element": {
      "version": "1.1.3",
      "resolved": "https://registry.npmjs.org/repeat-element/-/repeat-element-1.1.3.tgz",
      "integrity": "sha1-eC4NglwMWjuzlzH4Tv7mt0Lmsc4="
    },
    "repeat-string": {
      "version": "1.6.1",
      "resolved": "https://registry.npmjs.org/repeat-string/-/repeat-string-1.6.1.tgz",
      "integrity": "sha1-jcrkcOHIirwtYA//Sndihtp15jc="
    },
    "safe-buffer": {
      "version": "5.1.2",
      "resolved": "https://registry.npmjs.org/safe-buffer/-/safe-buffer-5.1.2.tgz",
      "integrity": "sha1-mR7GnSluAxN0fVm9/St0XDX4go0="
    },
    "select": {
      "version": "1.1.2",
      "resolved": "https://registry.npmjs.org/select/-/select-1.1.2.tgz",
      "integrity": "sha1-DnNQrN7ICxEIUoeG7B1EGNEbOW0="
    },
    "set-getter": {
      "version": "0.1.0",
      "resolved": "https://registry.npmjs.org/set-getter/-/set-getter-0.1.0.tgz",
      "integrity": "sha1-12nBgsnVpR9AkUXy+6guXoboA3Y=",
      "requires": {
        "to-object-path": "^0.3.0"
      }
    },
    "sprintf-js": {
      "version": "1.0.3",
      "resolved": "https://registry.npmjs.org/sprintf-js/-/sprintf-js-1.0.3.tgz",
      "integrity": "sha1-BOaSb2YolTVPPdAVIDYzuFcpfiw="
    },
    "string_decoder": {
      "version": "1.2.0",
      "resolved": "https://registry.npmjs.org/string_decoder/-/string_decoder-1.2.0.tgz",
      "integrity": "sha1-/obnOLGVRK/nBGkkOyoe6SQOro0=",
      "requires": {
        "safe-buffer": "~5.1.0"
      }
    },
    "strip-color": {
      "version": "0.1.0",
      "resolved": "https://registry.npmjs.org/strip-color/-/strip-color-0.1.0.tgz",
      "integrity": "sha1-EG9l09PmotlAHKwOsM6LinArT3s="
    },
    "tiny-emitter": {
      "version": "2.1.0",
      "resolved": "https://registry.npmjs.org/tiny-emitter/-/tiny-emitter-2.1.0.tgz",
      "integrity": "sha1-HRpW7fxRxD6GPLtTgqcjMONVVCM="
    },
    "to-object-path": {
      "version": "0.3.0",
      "resolved": "https://registry.npmjs.org/to-object-path/-/to-object-path-0.3.0.tgz",
      "integrity": "sha1-KXWIt7Dn4KwI4E5nL4XB9JmeF68=",
      "requires": {
        "kind-of": "^3.0.2"
      }
    },
    "toml": {
      "version": "2.3.6",
      "resolved": "https://registry.npmjs.org/toml/-/toml-2.3.6.tgz",
      "integrity": "sha1-JbCGZIOpciR0iVVZCItDb9Efhhs="
    },
    "typedarray": {
      "version": "0.0.6",
      "resolved": "https://registry.npmjs.org/typedarray/-/typedarray-0.0.6.tgz",
      "integrity": "sha1-hnrHTjhkGHsdPUfZlqeOxciDB3c="
    },
    "underscore": {
      "version": "1.7.0",
      "resolved": "https://registry.npmjs.org/underscore/-/underscore-1.7.0.tgz",
      "integrity": "sha1-a7rwh3UA02vjTsqlhODbn+8DUgk="
    },
    "underscore.string": {
      "version": "2.4.0",
      "resolved": "https://registry.npmjs.org/underscore.string/-/underscore.string-2.4.0.tgz",
      "integrity": "sha1-jN2PusTi0uoefi6Al8QvRCKA+Fs="
    },
    "util-deprecate": {
      "version": "1.0.2",
      "resolved": "https://registry.npmjs.org/util-deprecate/-/util-deprecate-1.0.2.tgz",
      "integrity": "sha1-RQ1Nyfpw3nMnYvvS1KKJgUGaDM8="
    }
  }
}
